// !$*UTF8*$!
{
	archiveVersion = 1;
	classes = {
	};
	objectVersion = 46;
	objects = {

/* Begin PBXBuildFile section */
		BF08A6331D3AFB6A000C0C3C /* FacialExpression.swift in Sources */ = {isa = PBXBuildFile; fileRef = BF08A6321D3AFB6A000C0C3C /* FacialExpression.swift */; };
		BF955B091D39CDAB001A112B /* AppDelegate.swift in Sources */ = {isa = PBXBuildFile; fileRef = BF955B081D39CDAB001A112B /* AppDelegate.swift */; };
		BF955B0E1D39CDAB001A112B /* Main.storyboard in Resources */ = {isa = PBXBuildFile; fileRef = BF955B0C1D39CDAB001A112B /* Main.storyboard */; };
		BF955B101D39CDAB001A112B /* Assets.xcassets in Resources */ = {isa = PBXBuildFile; fileRef = BF955B0F1D39CDAB001A112B /* Assets.xcassets */; };
		BF955B131D39CDAB001A112B /* LaunchScreen.storyboard in Resources */ = {isa = PBXBuildFile; fileRef = BF955B111D39CDAB001A112B /* LaunchScreen.storyboard */; };
		BF955B1C1D39CDE1001A112B /* FaceViewController.swift in Sources */ = {isa = PBXBuildFile; fileRef = BF955B1B1D39CDE1001A112B /* FaceViewController.swift */; };
		BF955B1E1D39CE5E001A112B /* FaceView.swift in Sources */ = {isa = PBXBuildFile; fileRef = BF955B1D1D39CE5E001A112B /* FaceView.swift */; };
/* End PBXBuildFile section */

/* Begin PBXFileReference section */
		BF08A6321D3AFB6A000C0C3C /* FacialExpression.swift */ = {isa = PBXFileReference; fileEncoding = 4; lastKnownFileType = sourcecode.swift; path = FacialExpression.swift; sourceTree = "<group>"; };
		BF955B051D39CDAB001A112B /* FaceIt.app */ = {isa = PBXFileReference; explicitFileType = wrapper.application; includeInIndex = 0; path = FaceIt.app; sourceTree = BUILT_PRODUCTS_DIR; };
		BF955B081D39CDAB001A112B /* AppDelegate.swift */ = {isa = PBXFileReference; lastKnownFileType = sourcecode.swift; path = AppDelegate.swift; sourceTree = "<group>"; };
		BF955B0D1D39CDAB001A112B /* Base */ = {isa = PBXFileReference; lastKnownFileType = file.storyboard; name = Base; path = Base.lproj/Main.storyboard; sourceTree = "<group>"; };
		BF955B0F1D39CDAB001A112B /* Assets.xcassets */ = {isa = PBXFileReference; lastKnownFileType = folder.assetcatalog; path = Assets.xcassets; sourceTree = "<group>"; };
		BF955B121D39CDAB001A112B /* Base */ = {isa = PBXFileReference; lastKnownFileType = file.storyboard; name = Base; path = Base.lproj/LaunchScreen.storyboard; sourceTree = "<group>"; };
		BF955B141D39CDAB001A112B /* Info.plist */ = {isa = PBXFileReference; lastKnownFileType = text.plist.xml; path = Info.plist; sourceTree = "<group>"; };
		BF955B1B1D39CDE1001A112B /* FaceViewController.swift */ = {isa = PBXFileReference; fileEncoding = 4; lastKnownFileType = sourcecode.swift; path = FaceViewController.swift; sourceTree = "<group>"; };
		BF955B1D1D39CE5E001A112B /* FaceView.swift */ = {isa = PBXFileReference; fileEncoding = 4; lastKnownFileType = sourcecode.swift; path = FaceView.swift; sourceTree = "<group>"; };
/* End PBXFileReference section */

/* Begin PBXFrameworksBuildPhase section */
		BF955B021D39CDAB001A112B /* Frameworks */ = {
			isa = PBXFrameworksBuildPhase;
			buildActionMask = 2147483647;
			files = (
			);
			runOnlyForDeploymentPostprocessing = 0;
		};
/* End PBXFrameworksBuildPhase section */

/* Begin PBXGroup section */
		BF955AFC1D39CDAB001A112B = {
			isa = PBXGroup;
			children = (
				BF955B071D39CDAB001A112B /* FaceIt */,
				BF955B061D39CDAB001A112B /* Products */,
			);
			sourceTree = "<group>";
		};
		BF955B061D39CDAB001A112B /* Products */ = {
			isa = PBXGroup;
			children = (
				BF955B051D39CDAB001A112B /* FaceIt.app */,
			);
			name = Products;
			sourceTree = "<group>";
		};
		BF955B071D39CDAB001A112B /* FaceIt */ = {
			isa = PBXGroup;
			children = (
				BF955B1B1D39CDE1001A112B /* FaceViewController.swift */,
				BF955B1D1D39CE5E001A112B /* FaceView.swift */,
				BF08A6321D3AFB6A000C0C3C /* FacialExpression.swift */,
				BF955B0C1D39CDAB001A112B /* Main.storyboard */,
				BF955B1A1D39CDBA001A112B /* Supporting Files */,
			);
			path = FaceIt;
			sourceTree = "<group>";
		};
		BF955B1A1D39CDBA001A112B /* Supporting Files */ = {
			isa = PBXGroup;
			children = (
				BF955B081D39CDAB001A112B /* AppDelegate.swift */,
				BF955B0F1D39CDAB001A112B /* Assets.xcassets */,
				BF955B111D39CDAB001A112B /* LaunchScreen.storyboard */,
				BF955B141D39CDAB001A112B /* Info.plist */,
			);
			name = "Supporting Files";
			sourceTree = "<group>";
		};
/* End PBXGroup section */

/* Begin PBXNativeTarget section */
		BF955B041D39CDAB001A112B /* FaceIt */ = {
			isa = PBXNativeTarget;
			buildConfigurationList = BF955B171D39CDAB001A112B /* Build configuration list for PBXNativeTarget "FaceIt" */;
			buildPhases = (
				BF955B011D39CDAB001A112B /* Sources */,
				BF955B021D39CDAB001A112B /* Frameworks */,
				BF955B031D39CDAB001A112B /* Resources */,
			);
			buildRules = (
			);
			dependencies = (
			);
			name = FaceIt;
			productName = FaceIt;
			productReference = BF955B051D39CDAB001A112B /* FaceIt.app */;
			productType = "com.apple.product-type.application";
		};
/* End PBXNativeTarget section */

/* Begin PBXProject section */
		BF955AFD1D39CDAB001A112B /* Project object */ = {
			isa = PBXProject;
			attributes = {
				LastSwiftUpdateCheck = 0730;
				LastUpgradeCheck = 0730;
				ORGANIZATIONNAME = "Charles Kang";
				TargetAttributes = {
					BF955B041D39CDAB001A112B = {
						CreatedOnToolsVersion = 7.3.1;
					};
				};
			};
			buildConfigurationList = BF955B001D39CDAB001A112B /* Build configuration list for PBXProject "FaceIt" */;
			compatibilityVersion = "Xcode 3.2";
			developmentRegion = English;
			hasScannedForEncodings = 0;
			knownRegions = (
				en,
				Base,
			);
			mainGroup = BF955AFC1D39CDAB001A112B;
			productRefGroup = BF955B061D39CDAB001A112B /* Products */;
			projectDirPath = "";
			projectRoot = "";
			targets = (
				BF955B041D39CDAB001A112B /* FaceIt */,
			);
		};
/* End PBXProject section */

/* Begin PBXResourcesBuildPhase section */
		BF955B031D39CDAB001A112B /* Resources */ = {
			isa = PBXResourcesBuildPhase;
			buildActionMask = 2147483647;
			files = (
				BF955B131D39CDAB001A112B /* LaunchScreen.storyboard in Resources */,
				BF955B101D39CDAB001A112B /* Assets.xcassets in Resources */,
				BF955B0E1D39CDAB001A112B /* Main.storyboard in Resources */,
			);
			runOnlyForDeploymentPostprocessing = 0;
		};
/* End PBXResourcesBuildPhase section */

/* Begin PBXSourcesBuildPhase section */
		BF955B011D39CDAB001A112B /* Sources */ = {
			isa = PBXSourcesBuildPhase;
			buildActionMask = 2147483647;
			files = (
				BF955B1C1D39CDE1001A112B /* FaceViewController.swift in Sources */,
				BF08A6331D3AFB6A000C0C3C /* FacialExpression.swift in Sources */,
				BF955B091D39CDAB001A112B /* AppDelegate.swift in Sources */,
				BF955B1E1D39CE5E001A112B /* FaceView.swift in Sources */,
			);
			runOnlyForDeploymentPostprocessing = 0;
		};
/* End PBXSourcesBuildPhase section */

/* Begin PBXVariantGroup section */
		BF955B0C1D39CDAB001A112B /* Main.storyboard */ = {
			isa = PBXVariantGroup;
			children = (
				BF955B0D1D39CDAB001A112B /* Base */,
			);
			name = Main.storyboard;
			sourceTree = "<group>";
		};
		BF955B111D39CDAB001A112B /* LaunchScreen.storyboard */ = {
			isa = PBXVariantGroup;
			children = (
				BF955B121D39CDAB001A112B /* Base */,
			);
			name = LaunchScreen.storyboard;
			sourceTree = "<group>";
		};
/* End PBXVariantGroup section */

/* Begin XCBuildConfiguration section */
		BF955B151D39CDAB001A112B /* Debug */ = {
			isa = XCBuildConfiguration;
			buildSettings = {
				ALWAYS_SEARCH_USER_PATHS = NO;
				CLANG_ANALYZER_NONNULL = YES;
				CLANG_CXX_LANGUAGE_STANDARD = "gnu++0x";
				CLANG_CXX_LIBRARY = "libc++";
				CLANG_ENABLE_MODULES = YES;
				CLANG_ENABLE_OBJC_ARC = YES;
				CLANG_WARN_BOOL_CONVERSION = YES;
				CLANG_WARN_CONSTANT_CONVERSION = YES;
				CLANG_WARN_DIRECT_OBJC_ISA_USAGE = YES_ERROR;
				CLANG_WARN_EMPTY_BODY = YES;
				CLANG_WARN_ENUM_CONVERSION = YES;
				CLANG_WARN_INT_CONVERSION = YES;
				CLANG_WARN_OBJC_ROOT_CLASS = YES_ERROR;
				CLANG_WARN_UNREACHABLE_CODE = YES;
				CLANG_WARN__DUPLICATE_METHOD_MATCH = YES;
				"CODE_SIGN_IDENTITY[sdk=iphoneos*]" = "iPhone Developer";
				COPY_PHASE_STRIP = NO;
				DEBUG_INFORMATION_FORMAT = dwarf;
				ENABLE_STRICT_OBJC_MSGSEND = YES;
				ENABLE_TESTABILITY = YES;
				GCC_C_LANGUAGE_STANDARD = gnu99;
				GCC_DYNAMIC_NO_PIC = NO;
				GCC_NO_COMMON_BLOCKS = YES;
				GCC_OPTIMIZATION_LEVEL = 0;
				GCC_PREPROCESSOR_DEFINITIONS = (
					"DEBUG=1",
					"$(inherited)",
				);
				GCC_WARN_64_TO_32_BIT_CONVERSION = YES;
				GCC_WARN_ABOUT_RETURN_TYPE = YES_ERROR;
				GCC_WARN_UNDECLARED_SELECTOR = YES;
				GCC_WARN_UNINITIALIZED_AUTOS = YES_AGGRESSIVE;
				GCC_WARN_UNUSED_FUNCTION = YES;
				GCC_WARN_UNUSED_VARIABLE = YES;
				IPHONEOS_DEPLOYMENT_TARGET = 9.3;
				MTL_ENABLE_DEBUG_INFO = YES;
				ONLY_ACTIVE_ARCH = YES;
				SDKROOT = iphoneos;
				SWIFT_OPTIMIZATION_LEVEL = "-Onone";
				TARGETED_DEVICE_FAMILY = "1,2";
			};
			name = Debug;
		};
		BF955B161D39CDAB001A112B /* Release */ = {
			isa = XCBuildConfiguration;
			buildSettings = {
				ALWAYS_SEARCH_USER_PATHS = NO;
				CLANG_ANALYZER_NONNULL = YES;
				CLANG_CXX_LANGUAGE_STANDARD = "gnu++0x";
				CLANG_CXX_LIBRARY = "libc++";
				CLANG_ENABLE_MODULES = YES;
				CLANG_ENABLE_OBJC_ARC = YES;
				CLANG_WARN_BOOL_CONVERSION = YES;
				CLANG_WARN_CONSTANT_CONVERSION = YES;
				CLANG_WARN_DIRECT_OBJC_ISA_USAGE = YES_ERROR;
				CLANG_WARN_EMPTY_BODY = YES;
				CLANG_WARN_ENUM_CONVERSION = YES;
				CLANG_WARN_INT_CONVERSION = YES;
				CLANG_WARN_OBJC_ROOT_CLASS = YES_ERROR;
				CLANG_WARN_UNREACHABLE_CODE = YES;
				CLANG_WARN__DUPLICATE_METHOD_MATCH = YES;
				"CODE_SIGN_IDENTITY[sdk=iphoneos*]" = "iPhone Developer";
				COPY_PHASE_STRIP = NO;
				DEBUG_INFORMATION_FORMAT = "dwarf-with-dsym";
				ENABLE_NS_ASSERTIONS = NO;
				ENABLE_STRICT_OBJC_MSGSEND = YES;
				GCC_C_LANGUAGE_STANDARD = gnu99;
				GCC_NO_COMMON_BLOCKS = YES;
				GCC_WARN_64_TO_32_BIT_CONVERSION = YES;
				GCC_WARN_ABOUT_RETURN_TYPE = YES_ERROR;
				GCC_WARN_UNDECLARED_SELECTOR = YES;
				GCC_WARN_UNINITIALIZED_AUTOS = YES_AGGRESSIVE;
				GCC_WARN_UNUSED_FUNCTION = YES;
				GCC_WARN_UNUSED_VARIABLE = YES;
				IPHONEOS_DEPLOYMENT_TARGET = 9.3;
				MTL_ENABLE_DEBUG_INFO = NO;
				SDKROOT = iphoneos;
				TARGETED_DEVICE_FAMILY = "1,2";
				VALIDATE_PRODUCT = YES;
			};
			name = Release;
		};
		BF955B181D39CDAB001A112B /* Debug */ = {
			isa = XCBuildConfiguration;
			buildSettings = {
				ASSETCATALOG_COMPILER_APPICON_NAME = AppIcon;
				INFOPLIST_FILE = FaceIt/Info.plist;
				LD_RUNPATH_SEARCH_PATHS = "$(inherited) @executable_path/Frameworks";
				PRODUCT_BUNDLE_IDENTIFIER = com.charleshkang.FaceIt;
				PRODUCT_NAME = "$(TARGET_NAME)";
			};
			name = Debug;
		};
		BF955B191D39CDAB001A112B /* Release */ = {
			isa = XCBuildConfiguration;
			buildSettings = {
				ASSETCATALOG_COMPILER_APPICON_NAME = AppIcon;
				INFOPLIST_FILE = FaceIt/Info.plist;
				LD_RUNPATH_SEARCH_PATHS = "$(inherited) @executable_path/Frameworks";
				PRODUCT_BUNDLE_IDENTIFIER = com.charleshkang.FaceIt;
				PRODUCT_NAME = "$(TARGET_NAME)";
			};
			name = Release;
		};
/* End XCBuildConfiguration section */

/* Begin XCConfigurationList section */
		BF955B001D39CDAB001A112B /* Build configuration list for PBXProject "FaceIt" */ = {
			isa = XCConfigurationList;
			buildConfigurations = (
				BF955B151D39CDAB001A112B /* Debug */,
				BF955B161D39CDAB001A112B /* Release */,
			);
			defaultConfigurationIsVisible = 0;
			defaultConfigurationName = Release;
		};
		BF955B171D39CDAB001A112B /* Build configuration list for PBXNativeTarget "FaceIt" */ = {
			isa = XCConfigurationList;
			buildConfigurations = (
				BF955B181D39CDAB001A112B /* Debug */,
				BF955B191D39CDAB001A112B /* Release */,
			);
			defaultConfigurationIsVisible = 0;
			defaultConfigurationName = Release;
		};
/* End XCConfigurationList section */
	};
	rootObject = BF955AFD1D39CDAB001A112B /* Project object */;
}
